
Microsoft Visual Studio Solution File, Format Version 12.00
# Visual Studio 2012
Project("{8BC9CEB8-8B4A-11D0-8D11-00A0C91BC942}") = "Project", "Project\Project.vcxproj", "{6CEB3F81-9DCA-4331-9276-6E7603A9A94C}"
EndProject
Global
	GlobalSection(SolutionConfigurationPlatforms) = preSolution
		Debug|Win32 = Debug|Win32
		Release|Win32 = Release|Win32
	EndGlobalSection
	GlobalSection(ProjectConfigurationPlatforms) = postSolution
		{6CEB3F81-9DCA-4331-9276-6E7603A9A94C}.Debug|Win32.ActiveCfg = Debug|Win32
		{6CEB3F81-9DCA-4331-9276-6E7603A9A94C}.Debug|Win32.Build.0 = Debug|Win32
		{6CEB3F81-9DCA-4331-9276-6E7603A9A94C}.Release|Win32.ActiveCfg = Release|Win32
		{6CEB3F81-9DCA-4331-9276-6E7603A9A94C}.Release|Win32.Build.0 = Release|Win32
	EndGlobalSection
	GlobalSection(SolutionProperties) = preSolution
		HideSolutionNode = FALSE
	EndGlobalSection
EndGlobal
